
Microsoft Visual Studio Solution File, Format Version 12.00
# Visual Studio 15
VisualStudioVersion = 15.0.27130.2027
MinimumVisualStudioVersion = 10.0.40219.1
Project("{FAE04EC0-301F-11D3-BF4B-00C04F79EFBC}") = "APAG - Aplikacija za alternativno glasanje", "APAG - Aplikacija za alternativno glasanje\APAG - Aplikacija za alternativno glasanje.csproj", "{50B813A3-4C14-4A37-AE55-E4FF24EBB9A3}"
EndProject
Global
	GlobalSection(SolutionConfigurationPlatforms) = preSolution
		Debug|Any CPU = Debug|Any CPU
		Release|Any CPU = Release|Any CPU
	EndGlobalSection
	GlobalSection(ProjectConfigurationPlatforms) = postSolution
		{50B813A3-4C14-4A37-AE55-E4FF24EBB9A3}.Debug|Any CPU.ActiveCfg = Debug|Any CPU
		{50B813A3-4C14-4A37-AE55-E4FF24EBB9A3}.Debug|Any CPU.Build.0 = Debug|Any CPU
		{50B813A3-4C14-4A37-AE55-E4FF24EBB9A3}.Release|Any CPU.ActiveCfg = Release|Any CPU
		{50B813A3-4C14-4A37-AE55-E4FF24EBB9A3}.Release|Any CPU.Build.0 = Release|Any CPU
	EndGlobalSection
	GlobalSection(SolutionProperties) = preSolution
		HideSolutionNode = FALSE
	EndGlobalSection
	GlobalSection(ExtensibilityGlobals) = postSolution
		SolutionGuid = {A6E6A5B0-D39A-462A-B13E-05E4B7BE0AEA}
	EndGlobalSection
EndGlobal
